
Microsoft Visual Studio Solution File, Format Version 12.00
# Visual Studio Version 17
VisualStudioVersion = 17.0.32112.339
MinimumVisualStudioVersion = 10.0.40219.1
Project("{9A19103F-16F7-4668-BE54-9A1E7A4F7556}") = "PingPongClient", "PingPongClient\PingPongClient.csproj", "{3822BFB6-F84F-48AC-A0CD-A3C24C336EA2}"
EndProject
Project("{9A19103F-16F7-4668-BE54-9A1E7A4F7556}") = "PingPongClient.UI", "PingPongClient.UI\PingPongClient.UI.csproj", "{953F98E5-0931-47F2-A37F-6562184EB2E0}"
EndProject
Project("{9A19103F-16F7-4668-BE54-9A1E7A4F7556}") = "PingPongClient.Converter", "PingPongClient.Converter\PingPongClient.Converter.csproj", "{DD931F81-31B8-4BA8-88E5-2655DD92DF29}"
EndProject
Project("{FAE04EC0-301F-11D3-BF4B-00C04F79EFBC}") = "PingPongClient.Common", "PingPongClient.Common\PingPongClient.Common.csproj", "{B3183FFF-2DD7-46FC-B971-9789B24F1289}"
EndProject
Global
	GlobalSection(SolutionConfigurationPlatforms) = preSolution
		Debug|Any CPU = Debug|Any CPU
		Release|Any CPU = Release|Any CPU
	EndGlobalSection
	GlobalSection(ProjectConfigurationPlatforms) = postSolution
		{3822BFB6-F84F-48AC-A0CD-A3C24C336EA2}.Debug|Any CPU.ActiveCfg = Debug|Any CPU
		{3822BFB6-F84F-48AC-A0CD-A3C24C336EA2}.Debug|Any CPU.Build.0 = Debug|Any CPU
		{3822BFB6-F84F-48AC-A0CD-A3C24C336EA2}.Release|Any CPU.ActiveCfg = Release|Any CPU
		{3822BFB6-F84F-48AC-A0CD-A3C24C336EA2}.Release|Any CPU.Build.0 = Release|Any CPU
		{953F98E5-0931-47F2-A37F-6562184EB2E0}.Debug|Any CPU.ActiveCfg = Debug|Any CPU
		{953F98E5-0931-47F2-A37F-6562184EB2E0}.Debug|Any CPU.Build.0 = Debug|Any CPU
		{953F98E5-0931-47F2-A37F-6562184EB2E0}.Release|Any CPU.ActiveCfg = Release|Any CPU
		{953F98E5-0931-47F2-A37F-6562184EB2E0}.Release|Any CPU.Build.0 = Release|Any CPU
		{DD931F81-31B8-4BA8-88E5-2655DD92DF29}.Debug|Any CPU.ActiveCfg = Debug|Any CPU
		{DD931F81-31B8-4BA8-88E5-2655DD92DF29}.Debug|Any CPU.Build.0 = Debug|Any CPU
		{DD931F81-31B8-4BA8-88E5-2655DD92DF29}.Release|Any CPU.ActiveCfg = Release|Any CPU
		{DD931F81-31B8-4BA8-88E5-2655DD92DF29}.Release|Any CPU.Build.0 = Release|Any CPU
		{B3183FFF-2DD7-46FC-B971-9789B24F1289}.Debug|Any CPU.ActiveCfg = Debug|Any CPU
		{B3183FFF-2DD7-46FC-B971-9789B24F1289}.Debug|Any CPU.Build.0 = Debug|Any CPU
		{B3183FFF-2DD7-46FC-B971-9789B24F1289}.Release|Any CPU.ActiveCfg = Release|Any CPU
		{B3183FFF-2DD7-46FC-B971-9789B24F1289}.Release|Any CPU.Build.0 = Release|Any CPU
	EndGlobalSection
	GlobalSection(SolutionProperties) = preSolution
		HideSolutionNode = FALSE
	EndGlobalSection
	GlobalSection(ExtensibilityGlobals) = postSolution
		SolutionGuid = {2A338571-3C29-4351-9E54-76454BFD4924}
	EndGlobalSection
EndGlobal
